
Microsoft Visual Studio Solution File, Format Version 12.00
# Visual Studio Version 16
VisualStudioVersion = 16.0.31129.286
MinimumVisualStudioVersion = 10.0.40219.1
Project("{FAE04EC0-301F-11D3-BF4B-00C04F79EFBC}") = "CheckChangesOnWebpage", "CheckChangesOnWebpage.csproj", "{0CFC1D8E-06AA-4D1C-A9DC-0DDB6663757D}"
EndProject
Global
	GlobalSection(SolutionConfigurationPlatforms) = preSolution
		Debug|Any CPU = Debug|Any CPU
		Release|Any CPU = Release|Any CPU
	EndGlobalSection
	GlobalSection(ProjectConfigurationPlatforms) = postSolution
		{0CFC1D8E-06AA-4D1C-A9DC-0DDB6663757D}.Debug|Any CPU.ActiveCfg = Debug|Any CPU
		{0CFC1D8E-06AA-4D1C-A9DC-0DDB6663757D}.Debug|Any CPU.Build.0 = Debug|Any CPU
		{0CFC1D8E-06AA-4D1C-A9DC-0DDB6663757D}.Release|Any CPU.ActiveCfg = Release|Any CPU
		{0CFC1D8E-06AA-4D1C-A9DC-0DDB6663757D}.Release|Any CPU.Build.0 = Release|Any CPU
	EndGlobalSection
	GlobalSection(SolutionProperties) = preSolution
		HideSolutionNode = FALSE
	EndGlobalSection
	GlobalSection(ExtensibilityGlobals) = postSolution
		SolutionGuid = {26F6DCBE-01B3-45A0-B586-8E33305AC07A}
	EndGlobalSection
EndGlobal
